
Microsoft Visual Studio Solution File, Format Version 12.00
# Visual Studio Version 16
VisualStudioVersion = 25.0.1706.4
MinimumVisualStudioVersion = 10.0.40219.1
Project("{FAE04EC0-301F-11D3-BF4B-00C04F79EFBC}") = "piTest", "piTest\piTest.csproj", "{45AB7E80-B51C-40E8-A8BA-05FCDA32E383}"
EndProject
Project("{2150E333-8FDC-42A3-9474-1A3956D46DE8}") = "Solution Items", "Solution Items", "{428007F2-D6C7-4AA0-B033-80FAD1D80104}"
EndProject
Global
	GlobalSection(SolutionConfigurationPlatforms) = preSolution
		Debug|Any CPU = Debug|Any CPU
		Release|Any CPU = Release|Any CPU
	EndGlobalSection
	GlobalSection(ProjectConfigurationPlatforms) = postSolution
		{45AB7E80-B51C-40E8-A8BA-05FCDA32E383}.Debug|Any CPU.ActiveCfg = Debug|Any CPU
		{45AB7E80-B51C-40E8-A8BA-05FCDA32E383}.Debug|Any CPU.Build.0 = Debug|Any CPU
		{45AB7E80-B51C-40E8-A8BA-05FCDA32E383}.Release|Any CPU.ActiveCfg = Release|Any CPU
		{45AB7E80-B51C-40E8-A8BA-05FCDA32E383}.Release|Any CPU.Build.0 = Release|Any CPU
	EndGlobalSection
	GlobalSection(SolutionProperties) = preSolution
		HideSolutionNode = FALSE
	EndGlobalSection
	GlobalSection(ExtensibilityGlobals) = postSolution
		SolutionGuid = {DFD7633C-BE61-4F82-94B1-FF6C179A4270}
	EndGlobalSection
EndGlobal
